{
  "name": "logfmt",
  "version": "0.13.0",
  "dependencies": {
    "split": {
      "version": "0.2.6",
      "from": "split@*"
    },
    "through": {
      "version": "2.3.4",
      "from": "through@*"
    },
    "readable-stream": {
      "version": "1.0.2",
      "from": "readable-stream@*",
      "resolved": "https://registry.npmjs.org/readable-stream/-/readable-stream-1.0.2.tgz"
    }
  }
}
